{
  "originHash" : "e66e071bda89cbb0b2e6cd99c40cb3d33d15f6ffa86d3747ef6b2dbe1542ee0c",
  "pins" : [
    {
      "identity" : "bluetooth",
      "kind" : "remoteSourceControl",
      "location" : "https://github.com/wendylabsinc/bluetooth.git",
      "state" : {
        "revision" : "570956c252d32c00e45d02e04b09560ab1ea5a15",
        "version" : "0.1.0"
      }
    },
    {
      "identity" : "dbus",
      "kind" : "remoteSourceControl",
      "location" : "https://github.com/wendylabsinc/dbus.git",
      "state" : {
        "revision" : "4d88300754c806827d919c5274cbfc18baebe9ab",
        "version" : "0.3.0"
      }
    },
    {
      "identity" : "grpc-swift-2",
      "kind" : "remoteSourceControl",
      "location" : "https://github.com/grpc/grpc-swift-2.git",
      "state" : {
        "revision" : "531924b28fde0cf7585123c781c6f55cc35ef7fc",
        "version" : "2.2.1"
      }
    },
    {
      "identity" : "grpc-swift-extras",
      "kind" : "remoteSourceControl",
      "location" : "https://github.com/grpc/grpc-swift-extras.git",
      "state" : {
        "revision" : "7ab4a690ac09696689a9c4b99320af7ef809bb3d",
        "version" : "2.1.1"
      }
    },
    {
      "identity" : "grpc-swift-protobuf",
      "kind" : "remoteSourceControl",
      "location" : "https://github.com/grpc/grpc-swift-protobuf.git",
      "state" : {
        "revision" : "c008d356d9e9c2255602711888bf25b542a30919",
        "version" : "2.1.1"
      }
    },
    {
      "identity" : "jwt-kit",
      "kind" : "remoteSourceControl",
      "location" : "https://github.com/vapor/jwt-kit.git",
      "state" : {
        "revision" : "2033b3e661238dda3d30e36a2d40987499d987de",
        "version" : "5.2.0"
      }
    },
    {
      "identity" : "noora",
      "kind" : "remoteSourceControl",
      "location" : "https://github.com/tuist/Noora.git",
      "state" : {
        "revision" : "d157bf198c57687a4bab7d2a1751a3719c60b817",
        "version" : "0.52.0"
      }
    },
    {
      "identity" : "path",
      "kind" : "remoteSourceControl",
      "location" : "https://github.com/tuist/path",
      "state" : {
        "revision" : "7c74ac435e03a927c3a73134c48b61e60221abcb",
        "version" : "0.3.8"
      }
    },
    {
      "identity" : "swift-algorithms",
      "kind" : "remoteSourceControl",
      "location" : "https://github.com/apple/swift-algorithms.git",
      "state" : {
        "revision" : "87e50f483c54e6efd60e885f7f5aa946cee68023",
        "version" : "1.2.1"
      }
    },
    {
      "identity" : "swift-argument-parser",
      "kind" : "remoteSourceControl",
      "location" : "https://github.com/apple/swift-argument-parser.git",
      "state" : {
        "revision" : "c5d11a805e765f52ba34ec7284bd4fcd6ba68615",
        "version" : "1.7.0"
      }
    },
    {
      "identity" : "swift-asn1",
      "kind" : "remoteSourceControl",
      "location" : "https://github.com/apple/swift-asn1.git",
      "state" : {
        "revision" : "f70225981241859eb4aa1a18a75531d26637c8cc",
        "version" : "1.4.0"
      }
    },
    {
      "identity" : "swift-async-algorithms",
      "kind" : "remoteSourceControl",
      "location" : "https://github.com/apple/swift-async-algorithms.git",
      "state" : {
        "revision" : "6c050d5ef8e1aa6342528460db614e9770d7f804",
        "version" : "1.1.1"
      }
    },
    {
      "identity" : "swift-async-dns-resolver",
      "kind" : "remoteSourceControl",
      "location" : "https://github.com/apple/swift-async-dns-resolver.git",
      "state" : {
        "revision" : "08c07ff31a745ee5e522ac10132fb4949834d925",
        "version" : "0.4.0"
      }
    },
    {
      "identity" : "swift-atomics",
      "kind" : "remoteSourceControl",
      "location" : "https://github.com/apple/swift-atomics.git",
      "state" : {
        "revision" : "b601256eab081c0f92f059e12818ac1d4f178ff7",
        "version" : "1.3.0"
      }
    },
    {
      "identity" : "swift-certificates",
      "kind" : "remoteSourceControl",
      "location" : "https://github.com/apple/swift-certificates.git",
      "state" : {
        "revision" : "4b092f15164144c24554e0a75e080a960c5190a6",
        "version" : "1.14.0"
      }
    },
    {
      "identity" : "swift-collections",
      "kind" : "remoteSourceControl",
      "location" : "https://github.com/apple/swift-collections",
      "state" : {
        "revision" : "7b847a3b7008b2dc2f47ca3110d8c782fb2e5c7e",
        "version" : "1.3.0"
      }
    },
    {
      "identity" : "swift-crypto",
      "kind" : "remoteSourceControl",
      "location" : "https://github.com/apple/swift-crypto.git",
      "state" : {
        "revision" : "95ba0316a9b733e92bb6b071255ff46263bbe7dc",
        "version" : "3.15.1"
      }
    },
    {
      "identity" : "swift-distributed-tracing",
      "kind" : "remoteSourceControl",
      "location" : "https://github.com/apple/swift-distributed-tracing.git",
      "state" : {
        "revision" : "baa932c1336f7894145cbaafcd34ce2dd0b77c97",
        "version" : "1.3.1"
      }
    },
    {
      "identity" : "swift-http-types",
      "kind" : "remoteSourceControl",
      "location" : "https://github.com/apple/swift-http-types.git",
      "state" : {
        "revision" : "a0a57e949a8903563aba4615869310c0ebf14c03",
        "version" : "1.4.0"
      }
    },
    {
      "identity" : "swift-log",
      "kind" : "remoteSourceControl",
      "location" : "https://github.com/apple/swift-log.git",
      "state" : {
        "revision" : "bc386b95f2a16ccd0150a8235e7c69eab2b866ca",
        "version" : "1.8.0"
      }
    },
    {
      "identity" : "swift-metrics",
      "kind" : "remoteSourceControl",
      "location" : "https://github.com/apple/swift-metrics.git",
      "state" : {
        "revision" : "0743a9364382629da3bf5677b46a2c4b1ce5d2a6",
        "version" : "2.7.1"
      }
    },
    {
      "identity" : "swift-nio-http2",
      "kind" : "remoteSourceControl",
      "location" : "https://github.com/apple/swift-nio-http2.git",
      "state" : {
        "revision" : "c2ba4cfbb83f307c66f5a6df6bb43e3c88dfbf80",
        "version" : "1.39.0"
      }
    },
    {
      "identity" : "swift-nio-transport-services",
      "kind" : "remoteSourceControl",
      "location" : "https://github.com/apple/swift-nio-transport-services.git",
      "state" : {
        "revision" : "60c3e187154421171721c1a38e800b390680fb5d",
        "version" : "1.26.0"
      }
    },
    {
      "identity" : "swift-numerics",
      "kind" : "remoteSourceControl",
      "location" : "https://github.com/apple/swift-numerics.git",
      "state" : {
        "revision" : "0c0290ff6b24942dadb83a929ffaaa1481df04a2",
        "version" : "1.1.1"
      }
    },
    {
      "identity" : "swift-protobuf",
      "kind" : "remoteSourceControl",
      "location" : "https://github.com/apple/swift-protobuf.git",
      "state" : {
        "revision" : "2547102afd04fe49f1b286090f13ebce07284980",
        "version" : "1.31.1"
      }
    },
    {
      "identity" : "swift-service-context",
      "kind" : "remoteSourceControl",
      "location" : "https://github.com/apple/swift-service-context.git",
      "state" : {
        "revision" : "1983448fefc717a2bc2ebde5490fe99873c5b8a6",
        "version" : "1.2.1"
      }
    },
    {
      "identity" : "swift-subprocess",
      "kind" : "remoteSourceControl",
      "location" : "https://github.com/swiftlang/swift-subprocess.git",
      "state" : {
        "revision" : "44922dfe46380cd354ca4b0208e717a3e92b13dd",
        "version" : "0.2.1"
      }
    },
    {
      "identity" : "swift-system",
      "kind" : "remoteSourceControl",
      "location" : "https://github.com/apple/swift-system.git",
      "state" : {
        "revision" : "61e4ca4b81b9e09e2ec863b00c340eb13497dac6",
        "version" : "1.5.0"
      }
    },
    {
      "identity" : "yams",
      "kind" : "remoteSourceControl",
      "location" : "https://github.com/jpsim/Yams",
      "state" : {
        "revision" : "51b5127c7fb6ffac106ad6d199aaa33c5024895f",
        "version" : "6.2.0"
      }
    }
  ],
  "version" : 3
}