version = 1
revision = 3
requires-python = "==3.12.*"

[[package]]
name = "av"
version = "16.1.0"
source = { registry = "https://pypi.org/simple" }
sdist = { url = "https://files.pythonhosted.org/packages/78/cd/3a83ffbc3cc25b39721d174487fb0d51a76582f4a1703f98e46170ce83d4/av-16.1.0.tar.gz", hash = "sha256:a094b4fd87a3721dacf02794d3d2c82b8d712c85b9534437e82a8a978c175ffd", size = 4285203, upload-time = "2026-01-11T07:31:33.772Z" }
wheels = [
    { url = "https://files.pythonhosted.org/packages/9c/84/2535f55edcd426cebec02eb37b811b1b0c163f26b8d3f53b059e2ec32665/av-16.1.0-cp312-cp312-macosx_11_0_x86_64.whl", hash = "sha256:640f57b93f927fba8689f6966c956737ee95388a91bd0b8c8b5e0481f73513d6", size = 26945785, upload-time = "2026-01-09T20:18:34.486Z" },
    { url = "https://files.pythonhosted.org/packages/b6/17/ffb940c9e490bf42e86db4db1ff426ee1559cd355a69609ec1efe4d3a9eb/av-16.1.0-cp312-cp312-macosx_14_0_arm64.whl", hash = "sha256:ae3fb658eec00852ebd7412fdc141f17f3ddce8afee2d2e1cf366263ad2a3b35", size = 21481147, upload-time = "2026-01-09T20:18:36.716Z" },
    { url = "https://files.pythonhosted.org/packages/15/c1/e0d58003d2d83c3921887d5c8c9b8f5f7de9b58dc2194356a2656a45cfdc/av-16.1.0-cp312-cp312-manylinux_2_28_aarch64.whl", hash = "sha256:27ee558d9c02a142eebcbe55578a6d817fedfde42ff5676275504e16d07a7f86", size = 39517197, upload-time = "2026-01-11T09:57:31.937Z" },
    { url = "https://files.pythonhosted.org/packages/32/77/787797b43475d1b90626af76f80bfb0c12cfec5e11eafcfc4151b8c80218/av-16.1.0-cp312-cp312-manylinux_2_28_x86_64.whl", hash = "sha256:7ae547f6d5fa31763f73900d43901e8c5fa6367bb9a9840978d57b5a7ae14ed2", size = 41174337, upload-time = "2026-01-11T09:57:35.792Z" },
    { url = "https://files.pythonhosted.org/packages/8e/ac/d90df7f1e3b97fc5554cf45076df5045f1e0a6adf13899e10121229b826c/av-16.1.0-cp312-cp312-musllinux_1_2_aarch64.whl", hash = "sha256:8cf065f9d438e1921dc31fc7aa045790b58aee71736897866420d80b5450f62a", size = 40817720, upload-time = "2026-01-11T09:57:39.039Z" },
    { url = "https://files.pythonhosted.org/packages/80/6f/13c3a35f9dbcebafd03fe0c4cbd075d71ac8968ec849a3cfce406c35a9d2/av-16.1.0-cp312-cp312-musllinux_1_2_x86_64.whl", hash = "sha256:a345877a9d3cc0f08e2bc4ec163ee83176864b92587afb9d08dff50f37a9a829", size = 42267396, upload-time = "2026-01-11T09:57:42.115Z" },
    { url = "https://files.pythonhosted.org/packages/c8/b9/275df9607f7fb44317ccb1d4be74827185c0d410f52b6e2cd770fe209118/av-16.1.0-cp312-cp312-win_amd64.whl", hash = "sha256:f49243b1d27c91cd8c66fdba90a674e344eb8eb917264f36117bf2b6879118fd", size = 31752045, upload-time = "2026-01-11T09:57:45.106Z" },
]

[[package]]
name = "numpy"
version = "2.2.6"
source = { registry = "https://pypi.org/simple" }
sdist = { url = "https://files.pythonhosted.org/packages/76/21/7d2a95e4bba9dc13d043ee156a356c0a8f0c6309dff6b21b4d71a073b8a8/numpy-2.2.6.tar.gz", hash = "sha256:e29554e2bef54a90aa5cc07da6ce955accb83f21ab5de01a62c8478897b264fd", size = 20276440, upload-time = "2025-05-17T22:38:04.611Z" }
wheels = [
    { url = "https://files.pythonhosted.org/packages/82/5d/c00588b6cf18e1da539b45d3598d3557084990dcc4331960c15ee776ee41/numpy-2.2.6-cp312-cp312-macosx_10_13_x86_64.whl", hash = "sha256:41c5a21f4a04fa86436124d388f6ed60a9343a6f767fced1a8a71c3fbca038ff", size = 20875348, upload-time = "2025-05-17T21:34:39.648Z" },
    { url = "https://files.pythonhosted.org/packages/66/ee/560deadcdde6c2f90200450d5938f63a34b37e27ebff162810f716f6a230/numpy-2.2.6-cp312-cp312-macosx_11_0_arm64.whl", hash = "sha256:de749064336d37e340f640b05f24e9e3dd678c57318c7289d222a8a2f543e90c", size = 14119362, upload-time = "2025-05-17T21:35:01.241Z" },
    { url = "https://files.pythonhosted.org/packages/3c/65/4baa99f1c53b30adf0acd9a5519078871ddde8d2339dc5a7fde80d9d87da/numpy-2.2.6-cp312-cp312-macosx_14_0_arm64.whl", hash = "sha256:894b3a42502226a1cac872f840030665f33326fc3dac8e57c607905773cdcde3", size = 5084103, upload-time = "2025-05-17T21:35:10.622Z" },
    { url = "https://files.pythonhosted.org/packages/cc/89/e5a34c071a0570cc40c9a54eb472d113eea6d002e9ae12bb3a8407fb912e/numpy-2.2.6-cp312-cp312-macosx_14_0_x86_64.whl", hash = "sha256:71594f7c51a18e728451bb50cc60a3ce4e6538822731b2933209a1f3614e9282", size = 6625382, upload-time = "2025-05-17T21:35:21.414Z" },
    { url = "https://files.pythonhosted.org/packages/f8/35/8c80729f1ff76b3921d5c9487c7ac3de9b2a103b1cd05e905b3090513510/numpy-2.2.6-cp312-cp312-manylinux_2_17_aarch64.manylinux2014_aarch64.whl", hash = "sha256:f2618db89be1b4e05f7a1a847a9c1c0abd63e63a1607d892dd54668dd92faf87", size = 14018462, upload-time = "2025-05-17T21:35:42.174Z" },
    { url = "https://files.pythonhosted.org/packages/8c/3d/1e1db36cfd41f895d266b103df00ca5b3cbe965184df824dec5c08c6b803/numpy-2.2.6-cp312-cp312-manylinux_2_17_x86_64.manylinux2014_x86_64.whl", hash = "sha256:fd83c01228a688733f1ded5201c678f0c53ecc1006ffbc404db9f7a899ac6249", size = 16527618, upload-time = "2025-05-17T21:36:06.711Z" },
    { url = "https://files.pythonhosted.org/packages/61/c6/03ed30992602c85aa3cd95b9070a514f8b3c33e31124694438d88809ae36/numpy-2.2.6-cp312-cp312-musllinux_1_2_aarch64.whl", hash = "sha256:37c0ca431f82cd5fa716eca9506aefcabc247fb27ba69c5062a6d3ade8cf8f49", size = 15505511, upload-time = "2025-05-17T21:36:29.965Z" },
    { url = "https://files.pythonhosted.org/packages/b7/25/5761d832a81df431e260719ec45de696414266613c9ee268394dd5ad8236/numpy-2.2.6-cp312-cp312-musllinux_1_2_x86_64.whl", hash = "sha256:fe27749d33bb772c80dcd84ae7e8df2adc920ae8297400dabec45f0dedb3f6de", size = 18313783, upload-time = "2025-05-17T21:36:56.883Z" },
    { url = "https://files.pythonhosted.org/packages/57/0a/72d5a3527c5ebffcd47bde9162c39fae1f90138c961e5296491ce778e682/numpy-2.2.6-cp312-cp312-win32.whl", hash = "sha256:4eeaae00d789f66c7a25ac5f34b71a7035bb474e679f410e5e1a94deb24cf2d4", size = 6246506, upload-time = "2025-05-17T21:37:07.368Z" },
    { url = "https://files.pythonhosted.org/packages/36/fa/8c9210162ca1b88529ab76b41ba02d433fd54fecaf6feb70ef9f124683f1/numpy-2.2.6-cp312-cp312-win_amd64.whl", hash = "sha256:c1f9540be57940698ed329904db803cf7a402f3fc200bfe599334c9bd84a40b2", size = 12614190, upload-time = "2025-05-17T21:37:26.213Z" },
]

[[package]]
name = "opencv-python-headless"
version = "4.14.0.94"
source = { registry = "https://pypi.org/simple" }
dependencies = [
    { name = "numpy" },
]
sdist = { url = "https://files.pythonhosted.org/packages/67/8a/51ff1c6287be0b6cd3070cf095875da4ff7d6eda38507e6ada5608786a78/opencv_python_headless-4.14.0.94.tar.gz", hash = "sha256:4afa2ea1214453648be88259f035712454faa9039b686de7753569ba8eec1577", size = 96405664, upload-time = "2026-07-28T19:23:48.758Z" }
wheels = [
    { url = "https://files.pythonhosted.org/packages/9a/56/12f9b05628cf4ab6aad54479b9124f7c1f2f92b6a4e47c071beb63d926a2/opencv_python_headless-4.14.0.94-cp37-abi3-macosx_13_0_arm64.whl", hash = "sha256:bc7db37dc234f7bb3190a158fd9dd750357246fc7d8adb23698843ef721a993b", size = 46491231, upload-time = "2026-07-29T03:52:11.902Z" },
    { url = "https://files.pythonhosted.org/packages/23/3b/2f9c42466f62aa27e97aaf6c9d914008895ecde28013ba4beed7f541f593/opencv_python_headless-4.14.0.94-cp37-abi3-macosx_14_0_x86_64.whl", hash = "sha256:1777f43c9fa064f54b916ad70d944b4fde0a644a17e49f04a966bb24a4b5f1e1", size = 33084176, upload-time = "2026-07-28T20:05:59.902Z" },
    { url = "https://files.pythonhosted.org/packages/7d/91/83c51e3fe000b5dfce4f3be5c5d320e07ebab5c1742abc4e45674503f90f/opencv_python_headless-4.14.0.94-cp37-abi3-manylinux2014_aarch64.manylinux_2_17_aarch64.whl", hash = "sha256:29714d7716dbfddf9fec20ffb878765e94ccaecd7d3ebd6750877420296e2dc5", size = 35405458, upload-time = "2026-07-28T19:19:29.997Z" },
    { url = "https://files.pythonhosted.org/packages/de/06/14c8c5d331bc72738683a9b227966aceaa4c6d08752f33d64578aebcb6f8/opencv_python_headless-4.14.0.94-cp37-abi3-manylinux2014_x86_64.manylinux_2_17_x86_64.whl", hash = "sha256:5e02669eac0ba67b2a22d7245af1e8ee1a2ef1185ee526a063d8f0555224bd52", size = 57534165, upload-time = "2026-07-28T19:19:52.742Z" },
    { url = "https://files.pythonhosted.org/packages/3f/0e/0b98bd582582253f61c4506f9b465cf5a8aa7fa4f7237dd99e1b5151a159/opencv_python_headless-4.14.0.94-cp37-abi3-manylinux_2_28_aarch64.whl", hash = "sha256:97c6e818c6f71c0cfa214e12293b1d0266d679c38f4e086de08357c8ac6ece0d", size = 38104309, upload-time = "2026-07-28T19:20:08.818Z" },
    { url = "https://files.pythonhosted.org/packages/ae/ce/7f538891722a4f06921419d55bac6f41729258d54442861edb2de0dbdf5e/opencv_python_headless-4.14.0.94-cp37-abi3-manylinux_2_28_x86_64.whl", hash = "sha256:211e581f5a4670acbbe08fff36a35e9946039d2eea28b80394632d036d1be527", size = 61960165, upload-time = "2026-07-28T19:20:33.074Z" },
    { url = "https://files.pythonhosted.org/packages/e9/91/ded03abad74d7264fa6bc7c923d7cade6f94a9023eeb372cfad54c2d0334/opencv_python_headless-4.14.0.94-cp37-abi3-win32.whl", hash = "sha256:f70296aa7ac9d7ade0d925c43fdc006c83e20a23f30e2f40f1b82c74a7a54460", size = 33030271, upload-time = "2026-07-28T18:32:39.447Z" },
    { url = "https://files.pythonhosted.org/packages/ad/8d/db8673846ee53cbb5de4c2b4decc11cf733e203eb7d5146297869f69bd48/opencv_python_headless-4.14.0.94-cp37-abi3-win_amd64.whl", hash = "sha256:cbed65415b8f6a9541c705afe3e64795840524d0ff3bc58f507826284a1dc64b", size = 41028030, upload-time = "2026-07-28T18:32:36.724Z" },
]

[[package]]
name = "wendy-agent-worldview"
version = "1.0.0"
source = { virtual = "." }
dependencies = [
    { name = "av" },
    { name = "numpy" },
    { name = "opencv-python-headless" },
]

[package.metadata]
requires-dist = [
    { name = "av", specifier = "==16.1.0" },
    { name = "numpy", specifier = "==2.2.6" },
    { name = "opencv-python-headless", specifier = "==4.14.0.94" },
]
